// !$*UTF8*$!
{
	archiveVersion = 1;
	classes = {
	};
	objectVersion = 46;
	objects = {

/* Begin PBXBuildFile section */
		3414061C1F53E42400671195 /* main.m in Sources */ = {isa = PBXBuildFile; fileRef = 3414061B1F53E42400671195 /* main.m */; };
		3414061F1F53E42400671195 /* AppDelegate.m in Sources */ = {isa = PBXBuildFile; fileRef = 3414061E1F53E42400671195 /* AppDelegate.m */; };
		341406221F53E42400671195 /* ViewController.m in Sources */ = {isa = PBXBuildFile; fileRef = 341406211F53E42400671195 /* ViewController.m */; };
		341406251F53E42400671195 /* Main.storyboard in Resources */ = {isa = PBXBuildFile; fileRef = 341406231F53E42400671195 /* Main.storyboard */; };
		341406271F53E42400671195 /* Assets.xcassets in Resources */ = {isa = PBXBuildFile; fileRef = 341406261F53E42400671195 /* Assets.xcassets */; };
		341406351F53E42500671195 /* RSQRCodeTests.m in Sources */ = {isa = PBXBuildFile; fileRef = 341406341F53E42500671195 /* RSQRCodeTests.m */; };
		341406401F53E42500671195 /* RSQRCodeUITests.m in Sources */ = {isa = PBXBuildFile; fileRef = 3414063F1F53E42500671195 /* RSQRCodeUITests.m */; };
		341406611F53E7DE00671195 /* RSCreateQRViewController.m in Sources */ = {isa = PBXBuildFile; fileRef = 3414065A1F53E7DE00671195 /* RSCreateQRViewController.m */; };
		341406621F53E7DE00671195 /* RSCreateQRViewController.xib in Resources */ = {isa = PBXBuildFile; fileRef = 3414065B1F53E7DE00671195 /* RSCreateQRViewController.xib */; };
		341406631F53E7DE00671195 /* RSScanningViewController.m in Sources */ = {isa = PBXBuildFile; fileRef = 3414065D1F53E7DE00671195 /* RSScanningViewController.m */; };
		341406671F53E8F100671195 /* RSBoxView.m in Sources */ = {isa = PBXBuildFile; fileRef = 341406661F53E8F100671195 /* RSBoxView.m */; };
		3414066B1F53F19A00671195 /* TextViewController.m in Sources */ = {isa = PBXBuildFile; fileRef = 341406691F53F19A00671195 /* TextViewController.m */; };
		3414066C1F53F19A00671195 /* TextViewController.xib in Resources */ = {isa = PBXBuildFile; fileRef = 3414066A1F53F19A00671195 /* TextViewController.xib */; };
		341406701F53F1A600671195 /* WebViewController.m in Sources */ = {isa = PBXBuildFile; fileRef = 3414066E1F53F1A600671195 /* WebViewController.m */; };
		341406711F53F1A600671195 /* WebViewController.xib in Resources */ = {isa = PBXBuildFile; fileRef = 3414066F1F53F1A600671195 /* WebViewController.xib */; };
		3A7D7872901C6F304916CBF7 /* libPods-RSQRCodeUITests.a in Frameworks */ = {isa = PBXBuildFile; fileRef = 9C71B75DA6A52175FB6E2901 /* libPods-RSQRCodeUITests.a */; };
		727EEE5B1318496745FDEFE7 /* libPods-RSQRCodeTests.a in Frameworks */ = {isa = PBXBuildFile; fileRef = 2C166409A855A43603DA0C43 /* libPods-RSQRCodeTests.a */; };
		993A1BCC65025150592AB4EE /* libPods-RSQRCode.a in Frameworks */ = {isa = PBXBuildFile; fileRef = 9B0BCC696D9A5358A0C7E40C /* libPods-RSQRCode.a */; };
		B0EECE782245DF13006B49CF /* Default.png in Resources */ = {isa = PBXBuildFile; fileRef = B0EECE762245DF13006B49CF /* Default.png */; };
		B0EECE792245DF13006B49CF /* LaunchScreen.storyboard in Resources */ = {isa = PBXBuildFile; fileRef = B0EECE772245DF13006B49CF /* LaunchScreen.storyboard */; };
/* End PBXBuildFile section */

/* Begin PBXContainerItemProxy section */
		341406311F53E42500671195 /* PBXContainerItemProxy */ = {
			isa = PBXContainerItemProxy;
			containerPortal = 3414060F1F53E42400671195 /* Project object */;
			proxyType = 1;
			remoteGlobalIDString = 341406161F53E42400671195;
			remoteInfo = RSQRCode;
		};
		3414063C1F53E42500671195 /* PBXContainerItemProxy */ = {
			isa = PBXContainerItemProxy;
			containerPortal = 3414060F1F53E42400671195 /* Project object */;
			proxyType = 1;
			remoteGlobalIDString = 341406161F53E42400671195;
			remoteInfo = RSQRCode;
		};
/* End PBXContainerItemProxy section */

/* Begin PBXFileReference section */
		19B15E035FAF89A9A9422D1D /* Pods-RSQRCodeUITests.release.xcconfig */ = {isa = PBXFileReference; includeInIndex = 1; lastKnownFileType = text.xcconfig; name = "Pods-RSQRCodeUITests.release.xcconfig"; path = "Pods/Target Support Files/Pods-RSQRCodeUITests/Pods-RSQRCodeUITests.release.xcconfig"; sourceTree = "<group>"; };
		25267145D3FA97D5B7EB20D9 /* Pods-RSQRCodeTests.debug.xcconfig */ = {isa = PBXFileReference; includeInIndex = 1; lastKnownFileType = text.xcconfig; name = "Pods-RSQRCodeTests.debug.xcconfig"; path = "Pods/Target Support Files/Pods-RSQRCodeTests/Pods-RSQRCodeTests.debug.xcconfig"; sourceTree = "<group>"; };
		2C166409A855A43603DA0C43 /* libPods-RSQRCodeTests.a */ = {isa = PBXFileReference; explicitFileType = archive.ar; includeInIndex = 0; path = "libPods-RSQRCodeTests.a"; sourceTree = BUILT_PRODUCTS_DIR; };
		2DC4DF4E1E833A889A6ADCAB /* Pods-RSQRCodeTests.release.xcconfig */ = {isa = PBXFileReference; includeInIndex = 1; lastKnownFileType = text.xcconfig; name = "Pods-RSQRCodeTests.release.xcconfig"; path = "Pods/Target Support Files/Pods-RSQRCodeTests/Pods-RSQRCodeTests.release.xcconfig"; sourceTree = "<group>"; };
		341406171F53E42400671195 /* RSQRCode.app */ = {isa = PBXFileReference; explicitFileType = wrapper.application; includeInIndex = 0; path = RSQRCode.app; sourceTree = BUILT_PRODUCTS_DIR; };
		3414061B1F53E42400671195 /* main.m */ = {isa = PBXFileReference; lastKnownFileType = sourcecode.c.objc; path = main.m; sourceTree = "<group>"; };
		3414061D1F53E42400671195 /* AppDelegate.h */ = {isa = PBXFileReference; lastKnownFileType = sourcecode.c.h; path = AppDelegate.h; sourceTree = "<group>"; };
		3414061E1F53E42400671195 /* AppDelegate.m */ = {isa = PBXFileReference; lastKnownFileType = sourcecode.c.objc; path = AppDelegate.m; sourceTree = "<group>"; };
		341406201F53E42400671195 /* ViewController.h */ = {isa = PBXFileReference; lastKnownFileType = sourcecode.c.h; path = ViewController.h; sourceTree = "<group>"; };
		341406211F53E42400671195 /* ViewController.m */ = {isa = PBXFileReference; lastKnownFileType = sourcecode.c.objc; path = ViewController.m; sourceTree = "<group>"; };
		341406241F53E42400671195 /* Base */ = {isa = PBXFileReference; lastKnownFileType = file.storyboard; name = Base; path = Base.lproj/Main.storyboard; sourceTree = "<group>"; };
		341406261F53E42400671195 /* Assets.xcassets */ = {isa = PBXFileReference; lastKnownFileType = folder.assetcatalog; path = Assets.xcassets; sourceTree = "<group>"; };
		3414062B1F53E42400671195 /* Info.plist */ = {isa = PBXFileReference; lastKnownFileType = text.plist.xml; path = Info.plist; sourceTree = "<group>"; };
		341406301F53E42500671195 /* RSQRCodeTests.xctest */ = {isa = PBXFileReference; explicitFileType = wrapper.cfbundle; includeInIndex = 0; path = RSQRCodeTests.xctest; sourceTree = BUILT_PRODUCTS_DIR; };
		341406341F53E42500671195 /* RSQRCodeTests.m */ = {isa = PBXFileReference; lastKnownFileType = sourcecode.c.objc; path = RSQRCodeTests.m; sourceTree = "<group>"; };
		341406361F53E42500671195 /* Info.plist */ = {isa = PBXFileReference; lastKnownFileType = text.plist.xml; path = Info.plist; sourceTree = "<group>"; };
		3414063B1F53E42500671195 /* RSQRCodeUITests.xctest */ = {isa = PBXFileReference; explicitFileType = wrapper.cfbundle; includeInIndex = 0; path = RSQRCodeUITests.xctest; sourceTree = BUILT_PRODUCTS_DIR; };
		3414063F1F53E42500671195 /* RSQRCodeUITests.m */ = {isa = PBXFileReference; lastKnownFileType = sourcecode.c.objc; path = RSQRCodeUITests.m; sourceTree = "<group>"; };
		341406411F53E42500671195 /* Info.plist */ = {isa = PBXFileReference; lastKnownFileType = text.plist.xml; path = Info.plist; sourceTree = "<group>"; };
		341406591F53E7DE00671195 /* RSCreateQRViewController.h */ = {isa = PBXFileReference; fileEncoding = 4; lastKnownFileType = sourcecode.c.h; path = RSCreateQRViewController.h; sourceTree = "<group>"; };
		3414065A1F53E7DE00671195 /* RSCreateQRViewController.m */ = {isa = PBXFileReference; fileEncoding = 4; lastKnownFileType = sourcecode.c.objc; path = RSCreateQRViewController.m; sourceTree = "<group>"; };
		3414065B1F53E7DE00671195 /* RSCreateQRViewController.xib */ = {isa = PBXFileReference; fileEncoding = 4; lastKnownFileType = file.xib; path = RSCreateQRViewController.xib; sourceTree = "<group>"; };
		3414065C1F53E7DE00671195 /* RSScanningViewController.h */ = {isa = PBXFileReference; fileEncoding = 4; lastKnownFileType = sourcecode.c.h; path = RSScanningViewController.h; sourceTree = "<group>"; };
		3414065D1F53E7DE00671195 /* RSScanningViewController.m */ = {isa = PBXFileReference; fileEncoding = 4; lastKnownFileType = sourcecode.c.objc; path = RSScanningViewController.m; sourceTree = "<group>"; };
		341406651F53E8F100671195 /* RSBoxView.h */ = {isa = PBXFileReference; fileEncoding = 4; lastKnownFileType = sourcecode.c.h; path = RSBoxView.h; sourceTree = "<group>"; };
		341406661F53E8F100671195 /* RSBoxView.m */ = {isa = PBXFileReference; fileEncoding = 4; lastKnownFileType = sourcecode.c.objc; path = RSBoxView.m; sourceTree = "<group>"; };
		341406681F53F19A00671195 /* TextViewController.h */ = {isa = PBXFileReference; fileEncoding = 4; lastKnownFileType = sourcecode.c.h; path = TextViewController.h; sourceTree = "<group>"; };
		341406691F53F19A00671195 /* TextViewController.m */ = {isa = PBXFileReference; fileEncoding = 4; lastKnownFileType = sourcecode.c.objc; path = TextViewController.m; sourceTree = "<group>"; };
		3414066A1F53F19A00671195 /* TextViewController.xib */ = {isa = PBXFileReference; fileEncoding = 4; lastKnownFileType = file.xib; path = TextViewController.xib; sourceTree = "<group>"; };
		3414066D1F53F1A600671195 /* WebViewController.h */ = {isa = PBXFileReference; fileEncoding = 4; lastKnownFileType = sourcecode.c.h; path = WebViewController.h; sourceTree = "<group>"; };
		3414066E1F53F1A600671195 /* WebViewController.m */ = {isa = PBXFileReference; fileEncoding = 4; lastKnownFileType = sourcecode.c.objc; path = WebViewController.m; sourceTree = "<group>"; };
		3414066F1F53F1A600671195 /* WebViewController.xib */ = {isa = PBXFileReference; fileEncoding = 4; lastKnownFileType = file.xib; path = WebViewController.xib; sourceTree = "<group>"; };
		4FA37864E46B40E0F12D4E27 /* Pods-RSQRCodeUITests.debug.xcconfig */ = {isa = PBXFileReference; includeInIndex = 1; lastKnownFileType = text.xcconfig; name = "Pods-RSQRCodeUITests.debug.xcconfig"; path = "Pods/Target Support Files/Pods-RSQRCodeUITests/Pods-RSQRCodeUITests.debug.xcconfig"; sourceTree = "<group>"; };
		63C923FCED0E79F63CD71BB2 /* Pods-RSQRCode.debug.xcconfig */ = {isa = PBXFileReference; includeInIndex = 1; lastKnownFileType = text.xcconfig; name = "Pods-RSQRCode.debug.xcconfig"; path = "Pods/Target Support Files/Pods-RSQRCode/Pods-RSQRCode.debug.xcconfig"; sourceTree = "<group>"; };
		9B0BCC696D9A5358A0C7E40C /* libPods-RSQRCode.a */ = {isa = PBXFileReference; explicitFileType = archive.ar; includeInIndex = 0; path = "libPods-RSQRCode.a"; sourceTree = BUILT_PRODUCTS_DIR; };
		9C71B75DA6A52175FB6E2901 /* libPods-RSQRCodeUITests.a */ = {isa = PBXFileReference; explicitFileType = archive.ar; includeInIndex = 0; path = "libPods-RSQRCodeUITests.a"; sourceTree = BUILT_PRODUCTS_DIR; };
		B0EECE762245DF13006B49CF /* Default.png */ = {isa = PBXFileReference; lastKnownFileType = image.png; path = Default.png; sourceTree = "<group>"; };
		B0EECE772245DF13006B49CF /* LaunchScreen.storyboard */ = {isa = PBXFileReference; fileEncoding = 4; lastKnownFileType = file.storyboard; path = LaunchScreen.storyboard; sourceTree = "<group>"; };
		F160715D3AF994B5D47AB4D1 /* Pods-RSQRCode.release.xcconfig */ = {isa = PBXFileReference; includeInIndex = 1; lastKnownFileType = text.xcconfig; name = "Pods-RSQRCode.release.xcconfig"; path = "Pods/Target Support Files/Pods-RSQRCode/Pods-RSQRCode.release.xcconfig"; sourceTree = "<group>"; };
/* End PBXFileReference section */

/* Begin PBXFrameworksBuildPhase section */
		341406141F53E42400671195 /* Frameworks */ = {
			isa = PBXFrameworksBuildPhase;
			buildActionMask = 2147483647;
			files = (
				993A1BCC65025150592AB4EE /* libPods-RSQRCode.a in Frameworks */,
			);
			runOnlyForDeploymentPostprocessing = 0;
		};
		3414062D1F53E42500671195 /* Frameworks */ = {
			isa = PBXFrameworksBuildPhase;
			buildActionMask = 2147483647;
			files = (
				727EEE5B1318496745FDEFE7 /* libPods-RSQRCodeTests.a in Frameworks */,
			);
			runOnlyForDeploymentPostprocessing = 0;
		};
		341406381F53E42500671195 /* Frameworks */ = {
			isa = PBXFrameworksBuildPhase;
			buildActionMask = 2147483647;
			files = (
				3A7D7872901C6F304916CBF7 /* libPods-RSQRCodeUITests.a in Frameworks */,
			);
			runOnlyForDeploymentPostprocessing = 0;
		};
/* End PBXFrameworksBuildPhase section */

/* Begin PBXGroup section */
		28DB27EF689BBA14F85B35AE /* Frameworks */ = {
			isa = PBXGroup;
			children = (
				9B0BCC696D9A5358A0C7E40C /* libPods-RSQRCode.a */,
				2C166409A855A43603DA0C43 /* libPods-RSQRCodeTests.a */,
				9C71B75DA6A52175FB6E2901 /* libPods-RSQRCodeUITests.a */,
			);
			name = Frameworks;
			sourceTree = "<group>";
		};
		3414060E1F53E42400671195 = {
			isa = PBXGroup;
			children = (
				341406191F53E42400671195 /* RSQRCode */,
				341406331F53E42500671195 /* RSQRCodeTests */,
				3414063E1F53E42500671195 /* RSQRCodeUITests */,
				341406181F53E42400671195 /* Products */,
				EDC468B11A208D2A1F985F33 /* Pods */,
				28DB27EF689BBA14F85B35AE /* Frameworks */,
			);
			sourceTree = "<group>";
		};
		341406181F53E42400671195 /* Products */ = {
			isa = PBXGroup;
			children = (
				341406171F53E42400671195 /* RSQRCode.app */,
				341406301F53E42500671195 /* RSQRCodeTests.xctest */,
				3414063B1F53E42500671195 /* RSQRCodeUITests.xctest */,
			);
			name = Products;
			sourceTree = "<group>";
		};
		341406191F53E42400671195 /* RSQRCode */ = {
			isa = PBXGroup;
			children = (
				3414061D1F53E42400671195 /* AppDelegate.h */,
				3414061E1F53E42400671195 /* AppDelegate.m */,
				341406201F53E42400671195 /* ViewController.h */,
				341406211F53E42400671195 /* ViewController.m */,
				341406231F53E42400671195 /* Main.storyboard */,
				341406581F53E7DE00671195 /* Controller */,
				3414065E1F53E7DE00671195 /* View */,
				341406261F53E42400671195 /* Assets.xcassets */,
				3414062B1F53E42400671195 /* Info.plist */,
				B0EECE762245DF13006B49CF /* Default.png */,
				B0EECE772245DF13006B49CF /* LaunchScreen.storyboard */,
				3414061A1F53E42400671195 /* Supporting Files */,
			);
			path = RSQRCode;
			sourceTree = "<group>";
		};
		3414061A1F53E42400671195 /* Supporting Files */ = {
			isa = PBXGroup;
			children = (
				3414061B1F53E42400671195 /* main.m */,
			);
			name = "Supporting Files";
			sourceTree = "<group>";
		};
		341406331F53E42500671195 /* RSQRCodeTests */ = {
			isa = PBXGroup;
			children = (
				341406341F53E42500671195 /* RSQRCodeTests.m */,
				341406361F53E42500671195 /* Info.plist */,
			);
			path = RSQRCodeTests;
			sourceTree = "<group>";
		};
		3414063E1F53E42500671195 /* RSQRCodeUITests */ = {
			isa = PBXGroup;
			children = (
				3414063F1F53E42500671195 /* RSQRCodeUITests.m */,
				341406411F53E42500671195 /* Info.plist */,
			);
			path = RSQRCodeUITests;
			sourceTree = "<group>";
		};
		341406581F53E7DE00671195 /* Controller */ = {
			isa = PBXGroup;
			children = (
				3414065C1F53E7DE00671195 /* RSScanningViewController.h */,
				3414065D1F53E7DE00671195 /* RSScanningViewController.m */,
				341406591F53E7DE00671195 /* RSCreateQRViewController.h */,
				3414065A1F53E7DE00671195 /* RSCreateQRViewController.m */,
				3414065B1F53E7DE00671195 /* RSCreateQRViewController.xib */,
				341406681F53F19A00671195 /* TextViewController.h */,
				341406691F53F19A00671195 /* TextViewController.m */,
				3414066A1F53F19A00671195 /* TextViewController.xib */,
				3414066D1F53F1A600671195 /* WebViewController.h */,
				3414066E1F53F1A600671195 /* WebViewController.m */,
				3414066F1F53F1A600671195 /* WebViewController.xib */,
			);
			path = Controller;
			sourceTree = "<group>";
		};
		3414065E1F53E7DE00671195 /* View */ = {
			isa = PBXGroup;
			children = (
				341406651F53E8F100671195 /* RSBoxView.h */,
				341406661F53E8F100671195 /* RSBoxView.m */,
			);
			path = View;
			sourceTree = "<group>";
		};
		EDC468B11A208D2A1F985F33 /* Pods */ = {
			isa = PBXGroup;
			children = (
				63C923FCED0E79F63CD71BB2 /* Pods-RSQRCode.debug.xcconfig */,
				F160715D3AF994B5D47AB4D1 /* Pods-RSQRCode.release.xcconfig */,
				25267145D3FA97D5B7EB20D9 /* Pods-RSQRCodeTests.debug.xcconfig */,
				2DC4DF4E1E833A889A6ADCAB /* Pods-RSQRCodeTests.release.xcconfig */,
				4FA37864E46B40E0F12D4E27 /* Pods-RSQRCodeUITests.debug.xcconfig */,
				19B15E035FAF89A9A9422D1D /* Pods-RSQRCodeUITests.release.xcconfig */,
			);
			name = Pods;
			sourceTree = "<group>";
		};
/* End PBXGroup section */

/* Begin PBXNativeTarget section */
		341406161F53E42400671195 /* RSQRCode */ = {
			isa = PBXNativeTarget;
			buildConfigurationList = 341406441F53E42500671195 /* Build configuration list for PBXNativeTarget "RSQRCode" */;
			buildPhases = (
				FAADE862EFABCC4944E15A65 /* [CP] Check Pods Manifest.lock */,
				341406131F53E42400671195 /* Sources */,
				341406141F53E42400671195 /* Frameworks */,
				341406151F53E42400671195 /* Resources */,
				4E49AC068BA4E7C31FFDDFA0 /* [CP] Copy Pods Resources */,
			);
			buildRules = (
			);
			dependencies = (
			);
			name = RSQRCode;
			productName = RSQRCode;
			productReference = 341406171F53E42400671195 /* RSQRCode.app */;
			productType = "com.apple.product-type.application";
		};
		3414062F1F53E42500671195 /* RSQRCodeTests */ = {
			isa = PBXNativeTarget;
			buildConfigurationList = 341406471F53E42500671195 /* Build configuration list for PBXNativeTarget "RSQRCodeTests" */;
			buildPhases = (
				C38A8AEFFE382C023DF422C5 /* [CP] Check Pods Manifest.lock */,
				3414062C1F53E42500671195 /* Sources */,
				3414062D1F53E42500671195 /* Frameworks */,
				3414062E1F53E42500671195 /* Resources */,
			);
			buildRules = (
			);
			dependencies = (
				341406321F53E42500671195 /* PBXTargetDependency */,
			);
			name = RSQRCodeTests;
			productName = RSQRCodeTests;
			productReference = 341406301F53E42500671195 /* RSQRCodeTests.xctest */;
			productType = "com.apple.product-type.bundle.unit-test";
		};
		3414063A1F53E42500671195 /* RSQRCodeUITests */ = {
			isa = PBXNativeTarget;
			buildConfigurationList = 3414064A1F53E42500671195 /* Build configuration list for PBXNativeTarget "RSQRCodeUITests" */;
			buildPhases = (
				A67D385716C7AEAAC3967C1D /* [CP] Check Pods Manifest.lock */,
				341406371F53E42500671195 /* Sources */,
				341406381F53E42500671195 /* Frameworks */,
				341406391F53E42500671195 /* Resources */,
			);
			buildRules = (
			);
			dependencies = (
				3414063D1F53E42500671195 /* PBXTargetDependency */,
			);
			name = RSQRCodeUITests;
			productName = RSQRCodeUITests;
			productReference = 3414063B1F53E42500671195 /* RSQRCodeUITests.xctest */;
			productType = "com.apple.product-type.bundle.ui-testing";
		};
/* End PBXNativeTarget section */

/* Begin PBXProject section */
		3414060F1F53E42400671195 /* Project object */ = {
			isa = PBXProject;
			attributes = {
				LastUpgradeCheck = 0830;
				ORGANIZATIONNAME = StevenXie;
				TargetAttributes = {
					341406161F53E42400671195 = {
						CreatedOnToolsVersion = 8.3.3;
						DevelopmentTeam = MQ4BAK6QRP;
						ProvisioningStyle = Automatic;
					};
					3414062F1F53E42500671195 = {
						CreatedOnToolsVersion = 8.3.3;
						ProvisioningStyle = Automatic;
						TestTargetID = 341406161F53E42400671195;
					};
					3414063A1F53E42500671195 = {
						CreatedOnToolsVersion = 8.3.3;
						ProvisioningStyle = Automatic;
						TestTargetID = 341406161F53E42400671195;
					};
				};
			};
			buildConfigurationList = 341406121F53E42400671195 /* Build configuration list for PBXProject "RSQRCode" */;
			compatibilityVersion = "Xcode 3.2";
			developmentRegion = English;
			hasScannedForEncodings = 0;
			knownRegions = (
				en,
				Base,
			);
			mainGroup = 3414060E1F53E42400671195;
			productRefGroup = 341406181F53E42400671195 /* Products */;
			projectDirPath = "";
			projectRoot = "";
			targets = (
				341406161F53E42400671195 /* RSQRCode */,
				3414062F1F53E42500671195 /* RSQRCodeTests */,
				3414063A1F53E42500671195 /* RSQRCodeUITests */,
			);
		};
/* End PBXProject section */

/* Begin PBXResourcesBuildPhase section */
		341406151F53E42400671195 /* Resources */ = {
			isa = PBXResourcesBuildPhase;
			buildActionMask = 2147483647;
			files = (
				341406621F53E7DE00671195 /* RSCreateQRViewController.xib in Resources */,
				B0EECE782245DF13006B49CF /* Default.png in Resources */,
				3414066C1F53F19A00671195 /* TextViewController.xib in Resources */,
				341406711F53F1A600671195 /* WebViewController.xib in Resources */,
				B0EECE792245DF13006B49CF /* LaunchScreen.storyboard in Resources */,
				341406271F53E42400671195 /* Assets.xcassets in Resources */,
				341406251F53E42400671195 /* Main.storyboard in Resources */,
			);
			runOnlyForDeploymentPostprocessing = 0;
		};
		3414062E1F53E42500671195 /* Resources */ = {
			isa = PBXResourcesBuildPhase;
			buildActionMask = 2147483647;
			files = (
			);
			runOnlyForDeploymentPostprocessing = 0;
		};
		341406391F53E42500671195 /* Resources */ = {
			isa = PBXResourcesBuildPhase;
			buildActionMask = 2147483647;
			files = (
			);
			runOnlyForDeploymentPostprocessing = 0;
		};
/* End PBXResourcesBuildPhase section */

/* Begin PBXShellScriptBuildPhase section */
		4E49AC068BA4E7C31FFDDFA0 /* [CP] Copy Pods Resources */ = {
			isa = PBXShellScriptBuildPhase;
			buildActionMask = 2147483647;
			files = (
			);
			inputPaths = (
				"${SRCROOT}/Pods/Target Support Files/Pods-RSQRCode/Pods-RSQRCode-resources.sh",
				"${PODS_ROOT}/SVProgressHUD/SVProgressHUD/SVProgressHUD.bundle",
			);
			name = "[CP] Copy Pods Resources";
			outputPaths = (
				"${TARGET_BUILD_DIR}/${UNLOCALIZED_RESOURCES_FOLDER_PATH}/SVProgressHUD.bundle",
			);
			runOnlyForDeploymentPostprocessing = 0;
			shellPath = /bin/sh;
			shellScript = "\"${SRCROOT}/Pods/Target Support Files/Pods-RSQRCode/Pods-RSQRCode-resources.sh\"\n";
			showEnvVarsInLog = 0;
		};
		A67D385716C7AEAAC3967C1D /* [CP] Check Pods Manifest.lock */ = {
			isa = PBXShellScriptBuildPhase;
			buildActionMask = 2147483647;
			files = (
			);
			inputPaths = (
				"${PODS_PODFILE_DIR_PATH}/Podfile.lock",
				"${PODS_ROOT}/Manifest.lock",
			);
			name = "[CP] Check Pods Manifest.lock";
			outputPaths = (
				"$(DERIVED_FILE_DIR)/Pods-RSQRCodeUITests-checkManifestLockResult.txt",
			);
			runOnlyForDeploymentPostprocessing = 0;
			shellPath = /bin/sh;
			shellScript = "diff \"${PODS_PODFILE_DIR_PATH}/Podfile.lock\" \"${PODS_ROOT}/Manifest.lock\" > /dev/null\nif [ $? != 0 ] ; then\n    # print error to STDERR\n    echo \"error: The sandbox is not in sync with the Podfile.lock. Run 'pod install' or update your CocoaPods installation.\" >&2\n    exit 1\nfi\n# This output is used by Xcode 'outputs' to avoid re-running this script phase.\necho \"SUCCESS\" > \"${SCRIPT_OUTPUT_FILE_0}\"\n";
			showEnvVarsInLog = 0;
		};
		C38A8AEFFE382C023DF422C5 /* [CP] Check Pods Manifest.lock */ = {
			isa = PBXShellScriptBuildPhase;
			buildActionMask = 2147483647;
			files = (
			);
			inputPaths = (
				"${PODS_PODFILE_DIR_PATH}/Podfile.lock",
				"${PODS_ROOT}/Manifest.lock",
			);
			name = "[CP] Check Pods Manifest.lock";
			outputPaths = (
				"$(DERIVED_FILE_DIR)/Pods-RSQRCodeTests-checkManifestLockResult.txt",
			);
			runOnlyForDeploymentPostprocessing = 0;
			shellPath = /bin/sh;
			shellScript = "diff \"${PODS_PODFILE_DIR_PATH}/Podfile.lock\" \"${PODS_ROOT}/Manifest.lock\" > /dev/null\nif [ $? != 0 ] ; then\n    # print error to STDERR\n    echo \"error: The sandbox is not in sync with the Podfile.lock. Run 'pod install' or update your CocoaPods installation.\" >&2\n    exit 1\nfi\n# This output is used by Xcode 'outputs' to avoid re-running this script phase.\necho \"SUCCESS\" > \"${SCRIPT_OUTPUT_FILE_0}\"\n";
			showEnvVarsInLog = 0;
		};
		FAADE862EFABCC4944E15A65 /* [CP] Check Pods Manifest.lock */ = {
			isa = PBXShellScriptBuildPhase;
			buildActionMask = 2147483647;
			files = (
			);
			inputPaths = (
				"${PODS_PODFILE_DIR_PATH}/Podfile.lock",
				"${PODS_ROOT}/Manifest.lock",
			);
			name = "[CP] Check Pods Manifest.lock";
			outputPaths = (
				"$(DERIVED_FILE_DIR)/Pods-RSQRCode-checkManifestLockResult.txt",
			);
			runOnlyForDeploymentPostprocessing = 0;
			shellPath = /bin/sh;
			shellScript = "diff \"${PODS_PODFILE_DIR_PATH}/Podfile.lock\" \"${PODS_ROOT}/Manifest.lock\" > /dev/null\nif [ $? != 0 ] ; then\n    # print error to STDERR\n    echo \"error: The sandbox is not in sync with the Podfile.lock. Run 'pod install' or update your CocoaPods installation.\" >&2\n    exit 1\nfi\n# This output is used by Xcode 'outputs' to avoid re-running this script phase.\necho \"SUCCESS\" > \"${SCRIPT_OUTPUT_FILE_0}\"\n";
			showEnvVarsInLog = 0;
		};
/* End PBXShellScriptBuildPhase section */

/* Begin PBXSourcesBuildPhase section */
		341406131F53E42400671195 /* Sources */ = {
			isa = PBXSourcesBuildPhase;
			buildActionMask = 2147483647;
			files = (
				341406631F53E7DE00671195 /* RSScanningViewController.m in Sources */,
				341406611F53E7DE00671195 /* RSCreateQRViewController.m in Sources */,
				3414066B1F53F19A00671195 /* TextViewController.m in Sources */,
				341406701F53F1A600671195 /* WebViewController.m in Sources */,
				341406221F53E42400671195 /* ViewController.m in Sources */,
				341406671F53E8F100671195 /* RSBoxView.m in Sources */,
				3414061F1F53E42400671195 /* AppDelegate.m in Sources */,
				3414061C1F53E42400671195 /* main.m in Sources */,
			);
			runOnlyForDeploymentPostprocessing = 0;
		};
		3414062C1F53E42500671195 /* Sources */ = {
			isa = PBXSourcesBuildPhase;
			buildActionMask = 2147483647;
			files = (
				341406351F53E42500671195 /* RSQRCodeTests.m in Sources */,
			);
			runOnlyForDeploymentPostprocessing = 0;
		};
		341406371F53E42500671195 /* Sources */ = {
			isa = PBXSourcesBuildPhase;
			buildActionMask = 2147483647;
			files = (
				341406401F53E42500671195 /* RSQRCodeUITests.m in Sources */,
			);
			runOnlyForDeploymentPostprocessing = 0;
		};
/* End PBXSourcesBuildPhase section */

/* Begin PBXTargetDependency section */
		341406321F53E42500671195 /* PBXTargetDependency */ = {
			isa = PBXTargetDependency;
			target = 341406161F53E42400671195 /* RSQRCode */;
			targetProxy = 341406311F53E42500671195 /* PBXContainerItemProxy */;
		};
		3414063D1F53E42500671195 /* PBXTargetDependency */ = {
			isa = PBXTargetDependency;
			target = 341406161F53E42400671195 /* RSQRCode */;
			targetProxy = 3414063C1F53E42500671195 /* PBXContainerItemProxy */;
		};
/* End PBXTargetDependency section */

/* Begin PBXVariantGroup section */
		341406231F53E42400671195 /* Main.storyboard */ = {
			isa = PBXVariantGroup;
			children = (
				341406241F53E42400671195 /* Base */,
			);
			name = Main.storyboard;
			sourceTree = "<group>";
		};
/* End PBXVariantGroup section */

/* Begin XCBuildConfiguration section */
		341406421F53E42500671195 /* Debug */ = {
			isa = XCBuildConfiguration;
			buildSettings = {
				ALWAYS_SEARCH_USER_PATHS = NO;
				CLANG_ANALYZER_NONNULL = YES;
				CLANG_ANALYZER_NUMBER_OBJECT_CONVERSION = YES_AGGRESSIVE;
				CLANG_CXX_LANGUAGE_STANDARD = "gnu++0x";
				CLANG_CXX_LIBRARY = "libc++";
				CLANG_ENABLE_MODULES = YES;
				CLANG_ENABLE_OBJC_ARC = YES;
				CLANG_WARN_BOOL_CONVERSION = YES;
				CLANG_WARN_CONSTANT_CONVERSION = YES;
				CLANG_WARN_DIRECT_OBJC_ISA_USAGE = YES_ERROR;
				CLANG_WARN_DOCUMENTATION_COMMENTS = YES;
				CLANG_WARN_EMPTY_BODY = YES;
				CLANG_WARN_ENUM_CONVERSION = YES;
				CLANG_WARN_INFINITE_RECURSION = YES;
				CLANG_WARN_INT_CONVERSION = YES;
				CLANG_WARN_OBJC_ROOT_CLASS = YES_ERROR;
				CLANG_WARN_SUSPICIOUS_MOVE = YES;
				CLANG_WARN_UNREACHABLE_CODE = YES;
				CLANG_WARN__DUPLICATE_METHOD_MATCH = YES;
				"CODE_SIGN_IDENTITY[sdk=iphoneos*]" = "iPhone Developer";
				COPY_PHASE_STRIP = NO;
				DEBUG_INFORMATION_FORMAT = dwarf;
				ENABLE_STRICT_OBJC_MSGSEND = YES;
				ENABLE_TESTABILITY = YES;
				GCC_C_LANGUAGE_STANDARD = gnu99;
				GCC_DYNAMIC_NO_PIC = NO;
				GCC_NO_COMMON_BLOCKS = YES;
				GCC_OPTIMIZATION_LEVEL = 0;
				GCC_PREPROCESSOR_DEFINITIONS = (
					"DEBUG=1",
					"$(inherited)",
				);
				GCC_WARN_64_TO_32_BIT_CONVERSION = YES;
				GCC_WARN_ABOUT_RETURN_TYPE = YES_ERROR;
				GCC_WARN_UNDECLARED_SELECTOR = YES;
				GCC_WARN_UNINITIALIZED_AUTOS = YES_AGGRESSIVE;
				GCC_WARN_UNUSED_FUNCTION = YES;
				GCC_WARN_UNUSED_VARIABLE = YES;
				IPHONEOS_DEPLOYMENT_TARGET = 10.3;
				MTL_ENABLE_DEBUG_INFO = YES;
				ONLY_ACTIVE_ARCH = YES;
				SDKROOT = iphoneos;
			};
			name = Debug;
		};
		341406431F53E42500671195 /* Release */ = {
			isa = XCBuildConfiguration;
			buildSettings = {
				ALWAYS_SEARCH_USER_PATHS = NO;
				CLANG_ANALYZER_NONNULL = YES;
				CLANG_ANALYZER_NUMBER_OBJECT_CONVERSION = YES_AGGRESSIVE;
				CLANG_CXX_LANGUAGE_STANDARD = "gnu++0x";
				CLANG_CXX_LIBRARY = "libc++";
				CLANG_ENABLE_MODULES = YES;
				CLANG_ENABLE_OBJC_ARC = YES;
				CLANG_WARN_BOOL_CONVERSION = YES;
				CLANG_WARN_CONSTANT_CONVERSION = YES;
				CLANG_WARN_DIRECT_OBJC_ISA_USAGE = YES_ERROR;
				CLANG_WARN_DOCUMENTATION_COMMENTS = YES;
				CLANG_WARN_EMPTY_BODY = YES;
				CLANG_WARN_ENUM_CONVERSION = YES;
				CLANG_WARN_INFINITE_RECURSION = YES;
				CLANG_WARN_INT_CONVERSION = YES;
				CLANG_WARN_OBJC_ROOT_CLASS = YES_ERROR;
				CLANG_WARN_SUSPICIOUS_MOVE = YES;
				CLANG_WARN_UNREACHABLE_CODE = YES;
				CLANG_WARN__DUPLICATE_METHOD_MATCH = YES;
				"CODE_SIGN_IDENTITY[sdk=iphoneos*]" = "iPhone Developer";
				COPY_PHASE_STRIP = NO;
				DEBUG_INFORMATION_FORMAT = "dwarf-with-dsym";
				ENABLE_NS_ASSERTIONS = NO;
				ENABLE_STRICT_OBJC_MSGSEND = YES;
				GCC_C_LANGUAGE_STANDARD = gnu99;
				GCC_NO_COMMON_BLOCKS = YES;
				GCC_WARN_64_TO_32_BIT_CONVERSION = YES;
				GCC_WARN_ABOUT_RETURN_TYPE = YES_ERROR;
				GCC_WARN_UNDECLARED_SELECTOR = YES;
				GCC_WARN_UNINITIALIZED_AUTOS = YES_AGGRESSIVE;
				GCC_WARN_UNUSED_FUNCTION = YES;
				GCC_WARN_UNUSED_VARIABLE = YES;
				IPHONEOS_DEPLOYMENT_TARGET = 10.3;
				MTL_ENABLE_DEBUG_INFO = NO;
				SDKROOT = iphoneos;
				VALIDATE_PRODUCT = YES;
			};
			name = Release;
		};
		341406451F53E42500671195 /* Debug */ = {
			isa = XCBuildConfiguration;
			baseConfigurationReference = 63C923FCED0E79F63CD71BB2 /* Pods-RSQRCode.debug.xcconfig */;
			buildSettings = {
				ASSETCATALOG_COMPILER_APPICON_NAME = AppIcon;
				DEVELOPMENT_TEAM = MQ4BAK6QRP;
				INFOPLIST_FILE = RSQRCode/Info.plist;
				LD_RUNPATH_SEARCH_PATHS = "$(inherited) @executable_path/Frameworks";
				PRODUCT_BUNDLE_IDENTIFIER = R.S.RSQRCode;
				PRODUCT_NAME = "$(TARGET_NAME)";
			};
			name = Debug;
		};
		341406461F53E42500671195 /* Release */ = {
			isa = XCBuildConfiguration;
			baseConfigurationReference = F160715D3AF994B5D47AB4D1 /* Pods-RSQRCode.release.xcconfig */;
			buildSettings = {
				ASSETCATALOG_COMPILER_APPICON_NAME = AppIcon;
				DEVELOPMENT_TEAM = MQ4BAK6QRP;
				INFOPLIST_FILE = RSQRCode/Info.plist;
				LD_RUNPATH_SEARCH_PATHS = "$(inherited) @executable_path/Frameworks";
				PRODUCT_BUNDLE_IDENTIFIER = R.S.RSQRCode;
				PRODUCT_NAME = "$(TARGET_NAME)";
			};
			name = Release;
		};
		341406481F53E42500671195 /* Debug */ = {
			isa = XCBuildConfiguration;
			baseConfigurationReference = 25267145D3FA97D5B7EB20D9 /* Pods-RSQRCodeTests.debug.xcconfig */;
			buildSettings = {
				BUNDLE_LOADER = "$(TEST_HOST)";
				INFOPLIST_FILE = RSQRCodeTests/Info.plist;
				LD_RUNPATH_SEARCH_PATHS = "$(inherited) @executable_path/Frameworks @loader_path/Frameworks";
				PRODUCT_BUNDLE_IDENTIFIER = R.S.RSQRCodeTests;
				PRODUCT_NAME = "$(TARGET_NAME)";
				TEST_HOST = "$(BUILT_PRODUCTS_DIR)/RSQRCode.app/RSQRCode";
			};
			name = Debug;
		};
		341406491F53E42500671195 /* Release */ = {
			isa = XCBuildConfiguration;
			baseConfigurationReference = 2DC4DF4E1E833A889A6ADCAB /* Pods-RSQRCodeTests.release.xcconfig */;
			buildSettings = {
				BUNDLE_LOADER = "$(TEST_HOST)";
				INFOPLIST_FILE = RSQRCodeTests/Info.plist;
				LD_RUNPATH_SEARCH_PATHS = "$(inherited) @executable_path/Frameworks @loader_path/Frameworks";
				PRODUCT_BUNDLE_IDENTIFIER = R.S.RSQRCodeTests;
				PRODUCT_NAME = "$(TARGET_NAME)";
				TEST_HOST = "$(BUILT_PRODUCTS_DIR)/RSQRCode.app/RSQRCode";
			};
			name = Release;
		};
		3414064B1F53E42500671195 /* Debug */ = {
			isa = XCBuildConfiguration;
			baseConfigurationReference = 4FA37864E46B40E0F12D4E27 /* Pods-RSQRCodeUITests.debug.xcconfig */;
			buildSettings = {
				INFOPLIST_FILE = RSQRCodeUITests/Info.plist;
				LD_RUNPATH_SEARCH_PATHS = "$(inherited) @executable_path/Frameworks @loader_path/Frameworks";
				PRODUCT_BUNDLE_IDENTIFIER = R.S.RSQRCodeUITests;
				PRODUCT_NAME = "$(TARGET_NAME)";
				TEST_TARGET_NAME = RSQRCode;
			};
			name = Debug;
		};
		3414064C1F53E42500671195 /* Release */ = {
			isa = XCBuildConfiguration;
			baseConfigurationReference = 19B15E035FAF89A9A9422D1D /* Pods-RSQRCodeUITests.release.xcconfig */;
			buildSettings = {
				INFOPLIST_FILE = RSQRCodeUITests/Info.plist;
				LD_RUNPATH_SEARCH_PATHS = "$(inherited) @executable_path/Frameworks @loader_path/Frameworks";
				PRODUCT_BUNDLE_IDENTIFIER = R.S.RSQRCodeUITests;
				PRODUCT_NAME = "$(TARGET_NAME)";
				TEST_TARGET_NAME = RSQRCode;
			};
			name = Release;
		};
/* End XCBuildConfiguration section */

/* Begin XCConfigurationList section */
		341406121F53E42400671195 /* Build configuration list for PBXProject "RSQRCode" */ = {
			isa = XCConfigurationList;
			buildConfigurations = (
				341406421F53E42500671195 /* Debug */,
				341406431F53E42500671195 /* Release */,
			);
			defaultConfigurationIsVisible = 0;
			defaultConfigurationName = Release;
		};
		341406441F53E42500671195 /* Build configuration list for PBXNativeTarget "RSQRCode" */ = {
			isa = XCConfigurationList;
			buildConfigurations = (
				341406451F53E42500671195 /* Debug */,
				341406461F53E42500671195 /* Release */,
			);
			defaultConfigurationIsVisible = 0;
			defaultConfigurationName = Release;
		};
		341406471F53E42500671195 /* Build configuration list for PBXNativeTarget "RSQRCodeTests" */ = {
			isa = XCConfigurationList;
			buildConfigurations = (
				341406481F53E42500671195 /* Debug */,
				341406491F53E42500671195 /* Release */,
			);
			defaultConfigurationIsVisible = 0;
			defaultConfigurationName = Release;
		};
		3414064A1F53E42500671195 /* Build configuration list for PBXNativeTarget "RSQRCodeUITests" */ = {
			isa = XCConfigurationList;
			buildConfigurations = (
				3414064B1F53E42500671195 /* Debug */,
				3414064C1F53E42500671195 /* Release */,
			);
			defaultConfigurationIsVisible = 0;
			defaultConfigurationName = Release;
		};
/* End XCConfigurationList section */
	};
	rootObject = 3414060F1F53E42400671195 /* Project object */;
}
